
Microsoft Visual Studio Solution File, Format Version 12.00
# Visual Studio Version 17
VisualStudioVersion = 17.6.33815.320
MinimumVisualStudioVersion = 10.0.40219.1
Project("{FAE04EC0-301F-11D3-BF4B-00C04F79EFBC}") = "Topic 3 - User Input", "Topic 3 - User Input\Topic 3 - User Input.csproj", "{7E755684-4511-47F9-9523-9A535B8B9CE8}"
EndProject
Global
	GlobalSection(SolutionConfigurationPlatforms) = preSolution
		Debug|Any CPU = Debug|Any CPU
		Release|Any CPU = Release|Any CPU
	EndGlobalSection
	GlobalSection(ProjectConfigurationPlatforms) = postSolution
		{7E755684-4511-47F9-9523-9A535B8B9CE8}.Debug|Any CPU.ActiveCfg = Debug|Any CPU
		{7E755684-4511-47F9-9523-9A535B8B9CE8}.Debug|Any CPU.Build.0 = Debug|Any CPU
		{7E755684-4511-47F9-9523-9A535B8B9CE8}.Release|Any CPU.ActiveCfg = Release|Any CPU
		{7E755684-4511-47F9-9523-9A535B8B9CE8}.Release|Any CPU.Build.0 = Release|Any CPU
	EndGlobalSection
	GlobalSection(SolutionProperties) = preSolution
		HideSolutionNode = FALSE
	EndGlobalSection
	GlobalSection(ExtensibilityGlobals) = postSolution
		SolutionGuid = {B575DCB6-7306-4F6C-BFD2-B07B6C6194E4}
	EndGlobalSection
EndGlobal
